
Microsoft Visual Studio Solution File, Format Version 12.00
# Visual Studio Version 17
VisualStudioVersion = 17.1.32414.318
MinimumVisualStudioVersion = 10.0.40219.1
Project("{9A19103F-16F7-4668-BE54-9A1E7A4F7556}") = "ControleBloqueados", "ControleBloqueados\ControleBloqueados.csproj", "{759734A0-D8BF-4FBE-9CC3-3167FC035426}"
EndProject
Project("{2150E333-8FDC-42A3-9474-1A3956D46DE8}") = "Solution Items", "Solution Items", "{55B0DF72-3DB3-4EE3-8D00-508BB3A899DD}"
	ProjectSection(SolutionItems) = preProject
		.editorconfig = .editorconfig
	EndProjectSection
EndProject
Global
	GlobalSection(SolutionConfigurationPlatforms) = preSolution
		Debug|Any CPU = Debug|Any CPU
		Release|Any CPU = Release|Any CPU
	EndGlobalSection
	GlobalSection(ProjectConfigurationPlatforms) = postSolution
		{759734A0-D8BF-4FBE-9CC3-3167FC035426}.Debug|Any CPU.ActiveCfg = Debug|Any CPU
		{759734A0-D8BF-4FBE-9CC3-3167FC035426}.Debug|Any CPU.Build.0 = Debug|Any CPU
		{759734A0-D8BF-4FBE-9CC3-3167FC035426}.Release|Any CPU.ActiveCfg = Release|Any CPU
		{759734A0-D8BF-4FBE-9CC3-3167FC035426}.Release|Any CPU.Build.0 = Release|Any CPU
	EndGlobalSection
	GlobalSection(SolutionProperties) = preSolution
		HideSolutionNode = FALSE
	EndGlobalSection
	GlobalSection(ExtensibilityGlobals) = postSolution
		SolutionGuid = {39A76584-33A6-445E-82E8-893DCFC6047C}
	EndGlobalSection
EndGlobal
